
Microsoft Visual Studio Solution File, Format Version 12.00
# Visual Studio Version 16
VisualStudioVersion = 16.0.32802.440
MinimumVisualStudioVersion = 10.0.40219.1
Project("{FAE04EC0-301F-11D3-BF4B-00C04F79EFBC}") = "aspm", "aspm\aspm.csproj", "{F40C2C40-1785-4FA7-89CA-473358D7217B}"
EndProject
Global
	GlobalSection(SolutionConfigurationPlatforms) = preSolution
		Debug|Any CPU = Debug|Any CPU
		Release|Any CPU = Release|Any CPU
	EndGlobalSection
	GlobalSection(ProjectConfigurationPlatforms) = postSolution
		{F40C2C40-1785-4FA7-89CA-473358D7217B}.Debug|Any CPU.ActiveCfg = Debug|Any CPU
		{F40C2C40-1785-4FA7-89CA-473358D7217B}.Debug|Any CPU.Build.0 = Debug|Any CPU
		{F40C2C40-1785-4FA7-89CA-473358D7217B}.Release|Any CPU.ActiveCfg = Release|Any CPU
		{F40C2C40-1785-4FA7-89CA-473358D7217B}.Release|Any CPU.Build.0 = Release|Any CPU
	EndGlobalSection
	GlobalSection(SolutionProperties) = preSolution
		HideSolutionNode = FALSE
	EndGlobalSection
	GlobalSection(ExtensibilityGlobals) = postSolution
		SolutionGuid = {29DD97E6-F6CA-4538-9C06-13212DFD5B3C}
	EndGlobalSection
EndGlobal
